
Microsoft Visual Studio Solution File, Format Version 12.00
# Visual Studio Version 17
VisualStudioVersion = 17.9.34616.47
MinimumVisualStudioVersion = 10.0.40219.1
Project("{2150E333-8FDC-42A3-9474-1A3956D46DE8}") = "Core", "Core", "{F20E9944-4960-4366-9176-F61DE6CBF567}"
EndProject
Project("{2150E333-8FDC-42A3-9474-1A3956D46DE8}") = "Infra", "Infra", "{AFF511C3-6242-4C5A-9006-243C6D30C8CC}"
EndProject
Project("{2150E333-8FDC-42A3-9474-1A3956D46DE8}") = "Web", "Web", "{0C99F59B-6097-4EA5-AAD5-90F8D409C9F3}"
EndProject
Project("{FAE04EC0-301F-11D3-BF4B-00C04F79EFBC}") = "ExternalServiceApi.Core", "ExternalServiceApi.Core\ExternalServiceApi.Core.csproj", "{2F3B839F-EDBC-4D70-A3F9-D7754D377C08}"
EndProject
Project("{FAE04EC0-301F-11D3-BF4B-00C04F79EFBC}") = "ExternalServiceApi.Infra", "ExternalServiceApi.Infra\ExternalServiceApi.Infra.csproj", "{EA42BE7C-26D2-4782-969C-E41332B68D41}"
EndProject
Project("{FAE04EC0-301F-11D3-BF4B-00C04F79EFBC}") = "ExternalServiceApi.Web.Api", "ExternalServiceApi.Web.Api\ExternalServiceApi.Web.Api.csproj", "{32E239F4-E3EC-4E42-BC2E-2B57DE7F44F1}"
EndProject
Global
	GlobalSection(SolutionConfigurationPlatforms) = preSolution
		Debug|Any CPU = Debug|Any CPU
		Release|Any CPU = Release|Any CPU
	EndGlobalSection
	GlobalSection(ProjectConfigurationPlatforms) = postSolution
		{2F3B839F-EDBC-4D70-A3F9-D7754D377C08}.Debug|Any CPU.ActiveCfg = Debug|Any CPU
		{2F3B839F-EDBC-4D70-A3F9-D7754D377C08}.Debug|Any CPU.Build.0 = Debug|Any CPU
		{2F3B839F-EDBC-4D70-A3F9-D7754D377C08}.Release|Any CPU.ActiveCfg = Release|Any CPU
		{2F3B839F-EDBC-4D70-A3F9-D7754D377C08}.Release|Any CPU.Build.0 = Release|Any CPU
		{EA42BE7C-26D2-4782-969C-E41332B68D41}.Debug|Any CPU.ActiveCfg = Debug|Any CPU
		{EA42BE7C-26D2-4782-969C-E41332B68D41}.Debug|Any CPU.Build.0 = Debug|Any CPU
		{EA42BE7C-26D2-4782-969C-E41332B68D41}.Release|Any CPU.ActiveCfg = Release|Any CPU
		{EA42BE7C-26D2-4782-969C-E41332B68D41}.Release|Any CPU.Build.0 = Release|Any CPU
		{32E239F4-E3EC-4E42-BC2E-2B57DE7F44F1}.Debug|Any CPU.ActiveCfg = Debug|Any CPU
		{32E239F4-E3EC-4E42-BC2E-2B57DE7F44F1}.Debug|Any CPU.Build.0 = Debug|Any CPU
		{32E239F4-E3EC-4E42-BC2E-2B57DE7F44F1}.Release|Any CPU.ActiveCfg = Release|Any CPU
		{32E239F4-E3EC-4E42-BC2E-2B57DE7F44F1}.Release|Any CPU.Build.0 = Release|Any CPU
	EndGlobalSection
	GlobalSection(SolutionProperties) = preSolution
		HideSolutionNode = FALSE
	EndGlobalSection
	GlobalSection(NestedProjects) = preSolution
		{2F3B839F-EDBC-4D70-A3F9-D7754D377C08} = {F20E9944-4960-4366-9176-F61DE6CBF567}
		{EA42BE7C-26D2-4782-969C-E41332B68D41} = {AFF511C3-6242-4C5A-9006-243C6D30C8CC}
		{32E239F4-E3EC-4E42-BC2E-2B57DE7F44F1} = {0C99F59B-6097-4EA5-AAD5-90F8D409C9F3}
	EndGlobalSection
	GlobalSection(ExtensibilityGlobals) = postSolution
		SolutionGuid = {1FB951B1-00A4-4283-977B-9ECAE60DFE12}
	EndGlobalSection
EndGlobal
